{
  "name": "@theo.foobar/mcp-time",
  "version": "0.1.1",
  "lockfileVersion": 3,
  "requires": true,
  "packages": {
    "": {
      "name": "@theo.foobar/mcp-time",
      "version": "0.1.1",
      "hasInstallScript": true,
      "license": "MIT",
      "bin": {
        "mcp-time": "bin/cli"
      },
      "devDependencies": {},
      "optionalDependencies": {
        "mcp-time-darwin-arm64": "0.1.1",
        "mcp-time-darwin-x64": "0.1.1",
        "mcp-time-linux-arm64": "0.1.1",
        "mcp-time-linux-x64": "0.1.1",
        "mcp-time-windows-arm64": "0.1.1",
        "mcp-time-windows-x64": "0.1.1"
      }
    },
    "node_modules/mcp-time-darwin-arm64": {
      "optional": true
    },
    "node_modules/mcp-time-darwin-x64": {
      "optional": true
    },
    "node_modules/mcp-time-linux-arm64": {
      "optional": true
    },
    "node_modules/mcp-time-linux-x64": {
      "optional": true
    },
    "node_modules/mcp-time-windows-arm64": {
      "optional": true
    },
    "node_modules/mcp-time-windows-x64": {
      "optional": true
    }
  }
}
