{
  "name": "mcp-time",
  "version": "0.1.0",
  "lockfileVersion": 3,
  "requires": true,
  "packages": {
    "": {
      "name": "mcp-time",
      "version": "0.1.0",
      "hasInstallScript": true,
      "license": "MIT",
      "bin": {
        "mcp-time": "bin/cli"
      },
      "optionalDependencies": {
        "mcp-time-darwin-arm64": "0.1.0",
        "mcp-time-darwin-x64": "0.1.0",
        "mcp-time-linux-arm64": "0.1.0",
        "mcp-time-linux-x64": "0.1.0",
        "mcp-time-win32-arm64": "0.1.0",
        "mcp-time-win32-x64": "0.1.0"
      }
    },
    "node_modules/mcp-time-darwin-arm64": {
      "optional": true
    },
    "node_modules/mcp-time-darwin-x64": {
      "optional": true
    },
    "node_modules/mcp-time-linux-arm64": {
      "optional": true
    },
    "node_modules/mcp-time-linux-x64": {
      "optional": true
    },
    "node_modules/mcp-time-win32-arm64": {
      "optional": true
    },
    "node_modules/mcp-time-win32-x64": {
      "optional": true
    }
  }
}
